{
    "_meta": {
        "hash": {
            "sha256": "094e47edde1a5d4c08f7f5484af81615b23aeac2091a9c80285a0fa3dc4d2b1e"
        },
        "pipfile-spec": 6,
        "requires": {
            "python_version": "3.8"
        },
        "sources": [
            {
                "name": "pypi",
                "url": "https://pypi.org/simple",
                "verify_ssl": true
            }
        ]
    },
    "default": {
        "mock": {
            "hashes": [
                "sha256:3f9b2c0196c60d21838f307f5825a7b86b678cedc58ab9e50a8988187b4d81e0",
                "sha256:dd33eb70232b6118298d516bbcecd26704689c386594f0f3c4f13867b2c56f72"
            ],
            "index": "pypi",
            "version": "==4.0.2"
        }
    },
    "develop": {}
}
